
Microsoft Visual Studio Solution File, Format Version 12.00
# Visual Studio Version 16
VisualStudioVersion = 16.0.29418.71
MinimumVisualStudioVersion = 10.0.40219.1
Project("{9A19103F-16F7-4668-BE54-9A1E7A4F7556}") = "Wkhtmltopdf.NetCore", "Wkhtmltopdf.NetCore\Wkhtmltopdf.NetCore.csproj", "{AD64E16D-A86E-47AD-8DEF-0B1346A5E30D}"
EndProject
Project("{9A19103F-16F7-4668-BE54-9A1E7A4F7556}") = "Wkhtmltopdf.NetCore.Example", "Wkhtmltopdf.NetCore.Example\Wkhtmltopdf.NetCore.Example.csproj", "{F17DB08E-0741-43BA-97B2-539F184C2379}"
EndProject
Global
	GlobalSection(SolutionConfigurationPlatforms) = preSolution
		Debug|Any CPU = Debug|Any CPU
		Release|Any CPU = Release|Any CPU
	EndGlobalSection
	GlobalSection(ProjectConfigurationPlatforms) = postSolution
		{AD64E16D-A86E-47AD-8DEF-0B1346A5E30D}.Debug|Any CPU.ActiveCfg = Debug|Any CPU
		{AD64E16D-A86E-47AD-8DEF-0B1346A5E30D}.Debug|Any CPU.Build.0 = Debug|Any CPU
		{AD64E16D-A86E-47AD-8DEF-0B1346A5E30D}.Release|Any CPU.ActiveCfg = Release|Any CPU
		{AD64E16D-A86E-47AD-8DEF-0B1346A5E30D}.Release|Any CPU.Build.0 = Release|Any CPU
		{F17DB08E-0741-43BA-97B2-539F184C2379}.Debug|Any CPU.ActiveCfg = Debug|Any CPU
		{F17DB08E-0741-43BA-97B2-539F184C2379}.Debug|Any CPU.Build.0 = Debug|Any CPU
		{F17DB08E-0741-43BA-97B2-539F184C2379}.Release|Any CPU.ActiveCfg = Release|Any CPU
	EndGlobalSection
	GlobalSection(SolutionProperties) = preSolution
		HideSolutionNode = FALSE
	EndGlobalSection
	GlobalSection(ExtensibilityGlobals) = postSolution
		SolutionGuid = {6E40861D-A13B-4112-95F8-632ED91AA79A}
	EndGlobalSection
EndGlobal
