
Microsoft Visual Studio Solution File, Format Version 12.00
# Visual Studio 15
VisualStudioVersion = 15.0.28010.2041
MinimumVisualStudioVersion = 10.0.40219.1
Project("{9A19103F-16F7-4668-BE54-9A1E7A4F7556}") = "Wkhtmltopdf.NetCore", "Wkhtmltopdf.NetCore\Wkhtmltopdf.NetCore.csproj", "{AD64E16D-A86E-47AD-8DEF-0B1346A5E30D}"
EndProject
Project("{FAE04EC0-301F-11D3-BF4B-00C04F79EFBC}") = "Wkhtmltopdf.NetCore.Test", "Wkhtmltopdf.NetCore.Test\Wkhtmltopdf.NetCore.Test.csproj", "{DAB48830-F9C3-4257-A9BB-5797196CB654}"
EndProject
Global
	GlobalSection(SolutionConfigurationPlatforms) = preSolution
		Debug|Any CPU = Debug|Any CPU
		Release|Any CPU = Release|Any CPU
	EndGlobalSection
	GlobalSection(ProjectConfigurationPlatforms) = postSolution
		{AD64E16D-A86E-47AD-8DEF-0B1346A5E30D}.Debug|Any CPU.ActiveCfg = Debug|Any CPU
		{AD64E16D-A86E-47AD-8DEF-0B1346A5E30D}.Debug|Any CPU.Build.0 = Debug|Any CPU
		{AD64E16D-A86E-47AD-8DEF-0B1346A5E30D}.Release|Any CPU.ActiveCfg = Release|Any CPU
		{AD64E16D-A86E-47AD-8DEF-0B1346A5E30D}.Release|Any CPU.Build.0 = Release|Any CPU
		{DAB48830-F9C3-4257-A9BB-5797196CB654}.Debug|Any CPU.ActiveCfg = Debug|Any CPU
		{DAB48830-F9C3-4257-A9BB-5797196CB654}.Debug|Any CPU.Build.0 = Debug|Any CPU
		{DAB48830-F9C3-4257-A9BB-5797196CB654}.Release|Any CPU.ActiveCfg = Release|Any CPU
		{DAB48830-F9C3-4257-A9BB-5797196CB654}.Release|Any CPU.Build.0 = Release|Any CPU
	EndGlobalSection
	GlobalSection(SolutionProperties) = preSolution
		HideSolutionNode = FALSE
	EndGlobalSection
	GlobalSection(ExtensibilityGlobals) = postSolution
		SolutionGuid = {6E40861D-A13B-4112-95F8-632ED91AA79A}
	EndGlobalSection
EndGlobal
